
Microsoft Visual Studio Solution File, Format Version 12.00
# Visual Studio 2012
Project("{FAE04EC0-301F-11D3-BF4B-00C04F79EFBC}") = "TutorialControllers", "TutorialControllers\TutorialControllers.csproj", "{69EFC754-7759-4D5E-A8A0-B4A5C416E98A}"
EndProject
Global
	GlobalSection(SolutionConfigurationPlatforms) = preSolution
		Debug|Any CPU = Debug|Any CPU
		Release|Any CPU = Release|Any CPU
	EndGlobalSection
	GlobalSection(ProjectConfigurationPlatforms) = postSolution
		{69EFC754-7759-4D5E-A8A0-B4A5C416E98A}.Debug|Any CPU.ActiveCfg = Debug|Any CPU
		{69EFC754-7759-4D5E-A8A0-B4A5C416E98A}.Debug|Any CPU.Build.0 = Debug|Any CPU
		{69EFC754-7759-4D5E-A8A0-B4A5C416E98A}.Release|Any CPU.ActiveCfg = Release|Any CPU
		{69EFC754-7759-4D5E-A8A0-B4A5C416E98A}.Release|Any CPU.Build.0 = Release|Any CPU
	EndGlobalSection
EndGlobal
